// !$*UTF8*$!
{
	archiveVersion = 1;
	classes = {
	};
	objectVersion = 50;
	objects = {

/* Begin PBXBuildFile section */
		3DA0E872A6A3379632B09EA7 /* Pods_D3FolioTests.framework in Frameworks */ = {isa = PBXBuildFile; fileRef = 3E8BAA8A7469BFF9D5F0926F /* Pods_D3FolioTests.framework */; };
		671A884F20C72A1C0055E379 /* AppDelegate.swift in Sources */ = {isa = PBXBuildFile; fileRef = 671A884E20C72A1C0055E379 /* AppDelegate.swift */; };
		671A885620C72A1D0055E379 /* Assets.xcassets in Resources */ = {isa = PBXBuildFile; fileRef = 671A885520C72A1D0055E379 /* Assets.xcassets */; };
		671A885920C72A1D0055E379 /* LaunchScreen.storyboard in Resources */ = {isa = PBXBuildFile; fileRef = 671A885720C72A1D0055E379 /* LaunchScreen.storyboard */; };
		671A887D20C72AAC0055E379 /* NetworkEnvironment.swift in Sources */ = {isa = PBXBuildFile; fileRef = 671A886F20C72AAC0055E379 /* NetworkEnvironment.swift */; };
		671A887E20C72AAC0055E379 /* HTTPTask.swift in Sources */ = {isa = PBXBuildFile; fileRef = 671A887020C72AAC0055E379 /* HTTPTask.swift */; };
		671A887F20C72AAC0055E379 /* HTTPMethod.swift in Sources */ = {isa = PBXBuildFile; fileRef = 671A887120C72AAC0055E379 /* HTTPMethod.swift */; };
		671A888020C72AAC0055E379 /* Service.swift in Sources */ = {isa = PBXBuildFile; fileRef = 671A887320C72AAC0055E379 /* Service.swift */; };
		671A888120C72AAC0055E379 /* URLParameterEncoder.swift in Sources */ = {isa = PBXBuildFile; fileRef = 671A887420C72AAC0055E379 /* URLParameterEncoder.swift */; };
		671A888220C72AAC0055E379 /* JSONParameterEncoder.swift in Sources */ = {isa = PBXBuildFile; fileRef = 671A887520C72AAC0055E379 /* JSONParameterEncoder.swift */; };
		671A888320C72AAC0055E379 /* JSONParser.swift in Sources */ = {isa = PBXBuildFile; fileRef = 671A887620C72AAC0055E379 /* JSONParser.swift */; };
		671A888420C72AAC0055E379 /* NetworkError.swift in Sources */ = {isa = PBXBuildFile; fileRef = 671A887720C72AAC0055E379 /* NetworkError.swift */; };
		671A888520C72AAC0055E379 /* ParameterEncoder.swift in Sources */ = {isa = PBXBuildFile; fileRef = 671A887920C72AAC0055E379 /* ParameterEncoder.swift */; };
		671A888620C72AAC0055E379 /* NetworkService.swift in Sources */ = {isa = PBXBuildFile; fileRef = 671A887A20C72AAC0055E379 /* NetworkService.swift */; };
		671A888720C72AAC0055E379 /* Parser.swift in Sources */ = {isa = PBXBuildFile; fileRef = 671A887B20C72AAC0055E379 /* Parser.swift */; };
		671A888820C72AAC0055E379 /* Endpoint.swift in Sources */ = {isa = PBXBuildFile; fileRef = 671A887C20C72AAC0055E379 /* Endpoint.swift */; };
		671A889420C72D9E0055E379 /* ProfileApi.swift in Sources */ = {isa = PBXBuildFile; fileRef = 671A889320C72D9E0055E379 /* ProfileApi.swift */; };
		671A889620C731DF0055E379 /* Profile.swift in Sources */ = {isa = PBXBuildFile; fileRef = 671A889520C731DF0055E379 /* Profile.swift */; };
		671A889820C732BD0055E379 /* ProfileViewModel.swift in Sources */ = {isa = PBXBuildFile; fileRef = 671A889720C732BD0055E379 /* ProfileViewModel.swift */; };
		671A889A20C860060055E379 /* ProfileViewController.swift in Sources */ = {isa = PBXBuildFile; fileRef = 671A889920C860060055E379 /* ProfileViewController.swift */; };
		671A889C20C860220055E379 /* Profile.storyboard in Resources */ = {isa = PBXBuildFile; fileRef = 671A889B20C860220055E379 /* Profile.storyboard */; };
		671A889E20C861130055E379 /* Hero.swift in Sources */ = {isa = PBXBuildFile; fileRef = 671A889D20C861130055E379 /* Hero.swift */; };
		671A88A120C865A80055E379 /* HeroTableViewCell.swift in Sources */ = {isa = PBXBuildFile; fileRef = 671A88A020C865A80055E379 /* HeroTableViewCell.swift */; };
		671A88A320C865B60055E379 /* HeroTableViewCell.xib in Resources */ = {isa = PBXBuildFile; fileRef = 671A88A220C865B60055E379 /* HeroTableViewCell.xib */; };
		671A88A620C86ECF0055E379 /* ProfileViewModelTests.swift in Sources */ = {isa = PBXBuildFile; fileRef = 671A88A520C86ECF0055E379 /* ProfileViewModelTests.swift */; };
		671A88AA20C870460055E379 /* ProfileServiceMock.swift in Sources */ = {isa = PBXBuildFile; fileRef = 671A88A920C870460055E379 /* ProfileServiceMock.swift */; };
		671A88AC20C871160055E379 /* ProfileEndpointMock.swift in Sources */ = {isa = PBXBuildFile; fileRef = 671A88AB20C871160055E379 /* ProfileEndpointMock.swift */; };
		671A88AF20C888560055E379 /* HeroViewController.swift in Sources */ = {isa = PBXBuildFile; fileRef = 671A88AE20C888560055E379 /* HeroViewController.swift */; };
		671A88B120C888860055E379 /* Hero.storyboard in Resources */ = {isa = PBXBuildFile; fileRef = 671A88B020C888860055E379 /* Hero.storyboard */; };
		671A88B420C9ABA30055E379 /* ProfilePerformanceTests.swift in Sources */ = {isa = PBXBuildFile; fileRef = 671A88B320C9ABA30055E379 /* ProfilePerformanceTests.swift */; };
		671A88B620C9B9890055E379 /* GetStarted.storyboard in Resources */ = {isa = PBXBuildFile; fileRef = 671A88B520C9B9890055E379 /* GetStarted.storyboard */; };
		671A88B820C9BA9B0055E379 /* Authorization.swift in Sources */ = {isa = PBXBuildFile; fileRef = 671A88B720C9BA9B0055E379 /* Authorization.swift */; };
		671A88BA20C9BB0B0055E379 /* BattleNetAuthorization.swift in Sources */ = {isa = PBXBuildFile; fileRef = 671A88B920C9BB0B0055E379 /* BattleNetAuthorization.swift */; };
		671A88BC20C9BC0E0055E379 /* BattleNet.plist in Resources */ = {isa = PBXBuildFile; fileRef = 671A88BB20C9BC0E0055E379 /* BattleNet.plist */; };
		8517F99A8D7C7055B97AE2DE /* Pods_D3Folio.framework in Frameworks */ = {isa = PBXBuildFile; fileRef = C35A1EC45F3F147A43B4AD2C /* Pods_D3Folio.framework */; };
		8FCB6919CB31B06EDF9F2F76 /* Pods_D3Folio_Tests_D3FolioTests.framework in Frameworks */ = {isa = PBXBuildFile; fileRef = 57268895A9966D30A4E4004D /* Pods_D3Folio_Tests_D3FolioTests.framework */; };
/* End PBXBuildFile section */

/* Begin PBXContainerItemProxy section */
		671A886020C72A1D0055E379 /* PBXContainerItemProxy */ = {
			isa = PBXContainerItemProxy;
			containerPortal = 671A884320C72A1C0055E379 /* Project object */;
			proxyType = 1;
			remoteGlobalIDString = 671A884A20C72A1C0055E379;
			remoteInfo = D3Folio;
		};
/* End PBXContainerItemProxy section */

/* Begin PBXFileReference section */
		0F46949C0165D3C74BEA0D12 /* Pods-D3Folio-Tests-D3FolioTests.release.xcconfig */ = {isa = PBXFileReference; includeInIndex = 1; lastKnownFileType = text.xcconfig; name = "Pods-D3Folio-Tests-D3FolioTests.release.xcconfig"; path = "Pods/Target Support Files/Pods-D3Folio-Tests-D3FolioTests/Pods-D3Folio-Tests-D3FolioTests.release.xcconfig"; sourceTree = "<group>"; };
		169F4E571CAAB7EC2898B49D /* Pods-D3FolioTests.release.xcconfig */ = {isa = PBXFileReference; includeInIndex = 1; lastKnownFileType = text.xcconfig; name = "Pods-D3FolioTests.release.xcconfig"; path = "Pods/Target Support Files/Pods-D3FolioTests/Pods-D3FolioTests.release.xcconfig"; sourceTree = "<group>"; };
		21630B8EE87294FA59C3BAF9 /* Pods-D3Folio.debug.xcconfig */ = {isa = PBXFileReference; includeInIndex = 1; lastKnownFileType = text.xcconfig; name = "Pods-D3Folio.debug.xcconfig"; path = "Pods/Target Support Files/Pods-D3Folio/Pods-D3Folio.debug.xcconfig"; sourceTree = "<group>"; };
		3E8BAA8A7469BFF9D5F0926F /* Pods_D3FolioTests.framework */ = {isa = PBXFileReference; explicitFileType = wrapper.framework; includeInIndex = 0; path = Pods_D3FolioTests.framework; sourceTree = BUILT_PRODUCTS_DIR; };
		4BEEA2B72CFC3C9A476EA707 /* Pods-D3Folio.release.xcconfig */ = {isa = PBXFileReference; includeInIndex = 1; lastKnownFileType = text.xcconfig; name = "Pods-D3Folio.release.xcconfig"; path = "Pods/Target Support Files/Pods-D3Folio/Pods-D3Folio.release.xcconfig"; sourceTree = "<group>"; };
		57268895A9966D30A4E4004D /* Pods_D3Folio_Tests_D3FolioTests.framework */ = {isa = PBXFileReference; explicitFileType = wrapper.framework; includeInIndex = 0; path = Pods_D3Folio_Tests_D3FolioTests.framework; sourceTree = BUILT_PRODUCTS_DIR; };
		671A884B20C72A1C0055E379 /* D3Folio.app */ = {isa = PBXFileReference; explicitFileType = wrapper.application; includeInIndex = 0; path = D3Folio.app; sourceTree = BUILT_PRODUCTS_DIR; };
		671A884E20C72A1C0055E379 /* AppDelegate.swift */ = {isa = PBXFileReference; lastKnownFileType = sourcecode.swift; path = AppDelegate.swift; sourceTree = "<group>"; };
		671A885520C72A1D0055E379 /* Assets.xcassets */ = {isa = PBXFileReference; lastKnownFileType = folder.assetcatalog; path = Assets.xcassets; sourceTree = "<group>"; };
		671A885820C72A1D0055E379 /* Base */ = {isa = PBXFileReference; lastKnownFileType = file.storyboard; name = Base; path = Base.lproj/LaunchScreen.storyboard; sourceTree = "<group>"; };
		671A885A20C72A1D0055E379 /* Info.plist */ = {isa = PBXFileReference; lastKnownFileType = text.plist.xml; path = Info.plist; sourceTree = "<group>"; };
		671A885F20C72A1D0055E379 /* D3FolioTests.xctest */ = {isa = PBXFileReference; explicitFileType = wrapper.cfbundle; includeInIndex = 0; path = D3FolioTests.xctest; sourceTree = BUILT_PRODUCTS_DIR; };
		671A886520C72A1D0055E379 /* Info.plist */ = {isa = PBXFileReference; lastKnownFileType = text.plist.xml; path = Info.plist; sourceTree = "<group>"; };
		671A886F20C72AAC0055E379 /* NetworkEnvironment.swift */ = {isa = PBXFileReference; fileEncoding = 4; lastKnownFileType = sourcecode.swift; path = NetworkEnvironment.swift; sourceTree = "<group>"; };
		671A887020C72AAC0055E379 /* HTTPTask.swift */ = {isa = PBXFileReference; fileEncoding = 4; lastKnownFileType = sourcecode.swift; path = HTTPTask.swift; sourceTree = "<group>"; };
		671A887120C72AAC0055E379 /* HTTPMethod.swift */ = {isa = PBXFileReference; fileEncoding = 4; lastKnownFileType = sourcecode.swift; path = HTTPMethod.swift; sourceTree = "<group>"; };
		671A887320C72AAC0055E379 /* Service.swift */ = {isa = PBXFileReference; fileEncoding = 4; lastKnownFileType = sourcecode.swift; path = Service.swift; sourceTree = "<group>"; };
		671A887420C72AAC0055E379 /* URLParameterEncoder.swift */ = {isa = PBXFileReference; fileEncoding = 4; lastKnownFileType = sourcecode.swift; path = URLParameterEncoder.swift; sourceTree = "<group>"; };
		671A887520C72AAC0055E379 /* JSONParameterEncoder.swift */ = {isa = PBXFileReference; fileEncoding = 4; lastKnownFileType = sourcecode.swift; path = JSONParameterEncoder.swift; sourceTree = "<group>"; };
		671A887620C72AAC0055E379 /* JSONParser.swift */ = {isa = PBXFileReference; fileEncoding = 4; lastKnownFileType = sourcecode.swift; path = JSONParser.swift; sourceTree = "<group>"; };
		671A887720C72AAC0055E379 /* NetworkError.swift */ = {isa = PBXFileReference; fileEncoding = 4; lastKnownFileType = sourcecode.swift; path = NetworkError.swift; sourceTree = "<group>"; };
		671A887920C72AAC0055E379 /* ParameterEncoder.swift */ = {isa = PBXFileReference; fileEncoding = 4; lastKnownFileType = sourcecode.swift; path = ParameterEncoder.swift; sourceTree = "<group>"; };
		671A887A20C72AAC0055E379 /* NetworkService.swift */ = {isa = PBXFileReference; fileEncoding = 4; lastKnownFileType = sourcecode.swift; path = NetworkService.swift; sourceTree = "<group>"; };
		671A887B20C72AAC0055E379 /* Parser.swift */ = {isa = PBXFileReference; fileEncoding = 4; lastKnownFileType = sourcecode.swift; path = Parser.swift; sourceTree = "<group>"; };
		671A887C20C72AAC0055E379 /* Endpoint.swift */ = {isa = PBXFileReference; fileEncoding = 4; lastKnownFileType = sourcecode.swift; path = Endpoint.swift; sourceTree = "<group>"; };
		671A889320C72D9E0055E379 /* ProfileApi.swift */ = {isa = PBXFileReference; lastKnownFileType = sourcecode.swift; path = ProfileApi.swift; sourceTree = "<group>"; };
		671A889520C731DF0055E379 /* Profile.swift */ = {isa = PBXFileReference; lastKnownFileType = sourcecode.swift; path = Profile.swift; sourceTree = "<group>"; };
		671A889720C732BD0055E379 /* ProfileViewModel.swift */ = {isa = PBXFileReference; lastKnownFileType = sourcecode.swift; path = ProfileViewModel.swift; sourceTree = "<group>"; };
		671A889920C860060055E379 /* ProfileViewController.swift */ = {isa = PBXFileReference; lastKnownFileType = sourcecode.swift; path = ProfileViewController.swift; sourceTree = "<group>"; };
		671A889B20C860220055E379 /* Profile.storyboard */ = {isa = PBXFileReference; lastKnownFileType = file.storyboard; path = Profile.storyboard; sourceTree = "<group>"; };
		671A889D20C861130055E379 /* Hero.swift */ = {isa = PBXFileReference; lastKnownFileType = sourcecode.swift; path = Hero.swift; sourceTree = "<group>"; };
		671A88A020C865A80055E379 /* HeroTableViewCell.swift */ = {isa = PBXFileReference; lastKnownFileType = sourcecode.swift; path = HeroTableViewCell.swift; sourceTree = "<group>"; };
		671A88A220C865B60055E379 /* HeroTableViewCell.xib */ = {isa = PBXFileReference; lastKnownFileType = file.xib; path = HeroTableViewCell.xib; sourceTree = "<group>"; };
		671A88A520C86ECF0055E379 /* ProfileViewModelTests.swift */ = {isa = PBXFileReference; lastKnownFileType = sourcecode.swift; path = ProfileViewModelTests.swift; sourceTree = "<group>"; };
		671A88A920C870460055E379 /* ProfileServiceMock.swift */ = {isa = PBXFileReference; lastKnownFileType = sourcecode.swift; path = ProfileServiceMock.swift; sourceTree = "<group>"; };
		671A88AB20C871160055E379 /* ProfileEndpointMock.swift */ = {isa = PBXFileReference; lastKnownFileType = sourcecode.swift; path = ProfileEndpointMock.swift; sourceTree = "<group>"; };
		671A88AE20C888560055E379 /* HeroViewController.swift */ = {isa = PBXFileReference; lastKnownFileType = sourcecode.swift; path = HeroViewController.swift; sourceTree = "<group>"; };
		671A88B020C888860055E379 /* Hero.storyboard */ = {isa = PBXFileReference; lastKnownFileType = file.storyboard; path = Hero.storyboard; sourceTree = "<group>"; };
		671A88B320C9ABA30055E379 /* ProfilePerformanceTests.swift */ = {isa = PBXFileReference; lastKnownFileType = sourcecode.swift; path = ProfilePerformanceTests.swift; sourceTree = "<group>"; };
		671A88B520C9B9890055E379 /* GetStarted.storyboard */ = {isa = PBXFileReference; lastKnownFileType = file.storyboard; path = GetStarted.storyboard; sourceTree = "<group>"; };
		671A88B720C9BA9B0055E379 /* Authorization.swift */ = {isa = PBXFileReference; lastKnownFileType = sourcecode.swift; path = Authorization.swift; sourceTree = "<group>"; };
		671A88B920C9BB0B0055E379 /* BattleNetAuthorization.swift */ = {isa = PBXFileReference; lastKnownFileType = sourcecode.swift; path = BattleNetAuthorization.swift; sourceTree = "<group>"; };
		671A88BB20C9BC0E0055E379 /* BattleNet.plist */ = {isa = PBXFileReference; lastKnownFileType = text.plist.xml; path = BattleNet.plist; sourceTree = "<group>"; };
		740D845294A12325886F240E /* Pods-D3FolioTests.debug.xcconfig */ = {isa = PBXFileReference; includeInIndex = 1; lastKnownFileType = text.xcconfig; name = "Pods-D3FolioTests.debug.xcconfig"; path = "Pods/Target Support Files/Pods-D3FolioTests/Pods-D3FolioTests.debug.xcconfig"; sourceTree = "<group>"; };
		95175AC9F1266E73880E3FF0 /* Pods-D3Folio-Tests-D3FolioTests.debug.xcconfig */ = {isa = PBXFileReference; includeInIndex = 1; lastKnownFileType = text.xcconfig; name = "Pods-D3Folio-Tests-D3FolioTests.debug.xcconfig"; path = "Pods/Target Support Files/Pods-D3Folio-Tests-D3FolioTests/Pods-D3Folio-Tests-D3FolioTests.debug.xcconfig"; sourceTree = "<group>"; };
		C35A1EC45F3F147A43B4AD2C /* Pods_D3Folio.framework */ = {isa = PBXFileReference; explicitFileType = wrapper.framework; includeInIndex = 0; path = Pods_D3Folio.framework; sourceTree = BUILT_PRODUCTS_DIR; };
/* End PBXFileReference section */

/* Begin PBXFrameworksBuildPhase section */
		671A884820C72A1C0055E379 /* Frameworks */ = {
			isa = PBXFrameworksBuildPhase;
			buildActionMask = 2147483647;
			files = (
				8517F99A8D7C7055B97AE2DE /* Pods_D3Folio.framework in Frameworks */,
			);
			runOnlyForDeploymentPostprocessing = 0;
		};
		671A885C20C72A1D0055E379 /* Frameworks */ = {
			isa = PBXFrameworksBuildPhase;
			buildActionMask = 2147483647;
			files = (
				8FCB6919CB31B06EDF9F2F76 /* Pods_D3Folio_Tests_D3FolioTests.framework in Frameworks */,
				3DA0E872A6A3379632B09EA7 /* Pods_D3FolioTests.framework in Frameworks */,
			);
			runOnlyForDeploymentPostprocessing = 0;
		};
/* End PBXFrameworksBuildPhase section */

/* Begin PBXGroup section */
		671A884220C72A1C0055E379 = {
			isa = PBXGroup;
			children = (
				671A884D20C72A1C0055E379 /* D3Folio */,
				671A886220C72A1D0055E379 /* D3FolioTests */,
				671A884C20C72A1C0055E379 /* Products */,
				7096E87988D2CC56445A7C55 /* Pods */,
				77E9A3DE750FF9125603CD4A /* Frameworks */,
			);
			sourceTree = "<group>";
		};
		671A884C20C72A1C0055E379 /* Products */ = {
			isa = PBXGroup;
			children = (
				671A884B20C72A1C0055E379 /* D3Folio.app */,
				671A885F20C72A1D0055E379 /* D3FolioTests.xctest */,
			);
			name = Products;
			sourceTree = "<group>";
		};
		671A884D20C72A1C0055E379 /* D3Folio */ = {
			isa = PBXGroup;
			children = (
				671A88BE20C9C3B20055E379 /* Authorization */,
				671A889020C72D120055E379 /* Profile */,
				671A886E20C72AAC0055E379 /* Networking */,
				671A884E20C72A1C0055E379 /* AppDelegate.swift */,
				671A885520C72A1D0055E379 /* Assets.xcassets */,
				671A885720C72A1D0055E379 /* LaunchScreen.storyboard */,
				671A885A20C72A1D0055E379 /* Info.plist */,
			);
			path = D3Folio;
			sourceTree = "<group>";
		};
		671A886220C72A1D0055E379 /* D3FolioTests */ = {
			isa = PBXGroup;
			children = (
				671A88A720C86EDC0055E379 /* Profile */,
				671A886520C72A1D0055E379 /* Info.plist */,
			);
			path = D3FolioTests;
			sourceTree = "<group>";
		};
		671A886E20C72AAC0055E379 /* Networking */ = {
			isa = PBXGroup;
			children = (
				671A887120C72AAC0055E379 /* HTTPMethod.swift */,
				671A887020C72AAC0055E379 /* HTTPTask.swift */,
				671A886F20C72AAC0055E379 /* NetworkEnvironment.swift */,
				671A887720C72AAC0055E379 /* NetworkError.swift */,
				671A887220C72AAC0055E379 /* Implementations */,
				671A887820C72AAC0055E379 /* Protocols */,
			);
			path = Networking;
			sourceTree = "<group>";
		};
		671A887220C72AAC0055E379 /* Implementations */ = {
			isa = PBXGroup;
			children = (
				671A887320C72AAC0055E379 /* Service.swift */,
				671A887520C72AAC0055E379 /* JSONParameterEncoder.swift */,
				671A887620C72AAC0055E379 /* JSONParser.swift */,
				671A887420C72AAC0055E379 /* URLParameterEncoder.swift */,
			);
			path = Implementations;
			sourceTree = "<group>";
		};
		671A887820C72AAC0055E379 /* Protocols */ = {
			isa = PBXGroup;
			children = (
				671A88B720C9BA9B0055E379 /* Authorization.swift */,
				671A887C20C72AAC0055E379 /* Endpoint.swift */,
				671A887A20C72AAC0055E379 /* NetworkService.swift */,
				671A887920C72AAC0055E379 /* ParameterEncoder.swift */,
				671A887B20C72AAC0055E379 /* Parser.swift */,
			);
			path = Protocols;
			sourceTree = "<group>";
		};
		671A889020C72D120055E379 /* Profile */ = {
			isa = PBXGroup;
			children = (
				671A88A420C86CAC0055E379 /* Models */,
				671A88AD20C8882F0055E379 /* ViewControllers */,
				671A889F20C865910055E379 /* Views */,
				671A889320C72D9E0055E379 /* ProfileApi.swift */,
				671A889720C732BD0055E379 /* ProfileViewModel.swift */,
				671A88B520C9B9890055E379 /* GetStarted.storyboard */,
				671A88B020C888860055E379 /* Hero.storyboard */,
				671A889B20C860220055E379 /* Profile.storyboard */,
			);
			path = Profile;
			sourceTree = "<group>";
		};
		671A889F20C865910055E379 /* Views */ = {
			isa = PBXGroup;
			children = (
				671A88A020C865A80055E379 /* HeroTableViewCell.swift */,
				671A88A220C865B60055E379 /* HeroTableViewCell.xib */,
			);
			path = Views;
			sourceTree = "<group>";
		};
		671A88A420C86CAC0055E379 /* Models */ = {
			isa = PBXGroup;
			children = (
				671A889D20C861130055E379 /* Hero.swift */,
				671A889520C731DF0055E379 /* Profile.swift */,
			);
			path = Models;
			sourceTree = "<group>";
		};
		671A88A720C86EDC0055E379 /* Profile */ = {
			isa = PBXGroup;
			children = (
				671A88A820C870390055E379 /* Mocks */,
				671A88B220C9AAEA0055E379 /* Performance */,
				671A88A520C86ECF0055E379 /* ProfileViewModelTests.swift */,
			);
			path = Profile;
			sourceTree = "<group>";
		};
		671A88A820C870390055E379 /* Mocks */ = {
			isa = PBXGroup;
			children = (
				671A88A920C870460055E379 /* ProfileServiceMock.swift */,
				671A88AB20C871160055E379 /* ProfileEndpointMock.swift */,
			);
			path = Mocks;
			sourceTree = "<group>";
		};
		671A88AD20C8882F0055E379 /* ViewControllers */ = {
			isa = PBXGroup;
			children = (
				671A88AE20C888560055E379 /* HeroViewController.swift */,
				671A889920C860060055E379 /* ProfileViewController.swift */,
			);
			path = ViewControllers;
			sourceTree = "<group>";
		};
		671A88B220C9AAEA0055E379 /* Performance */ = {
			isa = PBXGroup;
			children = (
				671A88B320C9ABA30055E379 /* ProfilePerformanceTests.swift */,
			);
			path = Performance;
			sourceTree = "<group>";
		};
		671A88BE20C9C3B20055E379 /* Authorization */ = {
			isa = PBXGroup;
			children = (
				671A88B920C9BB0B0055E379 /* BattleNetAuthorization.swift */,
				671A88BB20C9BC0E0055E379 /* BattleNet.plist */,
			);
			path = Authorization;
			sourceTree = "<group>";
		};
		7096E87988D2CC56445A7C55 /* Pods */ = {
			isa = PBXGroup;
			children = (
				21630B8EE87294FA59C3BAF9 /* Pods-D3Folio.debug.xcconfig */,
				4BEEA2B72CFC3C9A476EA707 /* Pods-D3Folio.release.xcconfig */,
				95175AC9F1266E73880E3FF0 /* Pods-D3Folio-Tests-D3FolioTests.debug.xcconfig */,
				0F46949C0165D3C74BEA0D12 /* Pods-D3Folio-Tests-D3FolioTests.release.xcconfig */,
				740D845294A12325886F240E /* Pods-D3FolioTests.debug.xcconfig */,
				169F4E571CAAB7EC2898B49D /* Pods-D3FolioTests.release.xcconfig */,
			);
			name = Pods;
			sourceTree = "<group>";
		};
		77E9A3DE750FF9125603CD4A /* Frameworks */ = {
			isa = PBXGroup;
			children = (
				C35A1EC45F3F147A43B4AD2C /* Pods_D3Folio.framework */,
				57268895A9966D30A4E4004D /* Pods_D3Folio_Tests_D3FolioTests.framework */,
				3E8BAA8A7469BFF9D5F0926F /* Pods_D3FolioTests.framework */,
			);
			name = Frameworks;
			sourceTree = "<group>";
		};
/* End PBXGroup section */

/* Begin PBXNativeTarget section */
		671A884A20C72A1C0055E379 /* D3Folio */ = {
			isa = PBXNativeTarget;
			buildConfigurationList = 671A886820C72A1D0055E379 /* Build configuration list for PBXNativeTarget "D3Folio" */;
			buildPhases = (
				E856299E5713C5229727D374 /* [CP] Check Pods Manifest.lock */,
				671A884720C72A1C0055E379 /* Sources */,
				671A884820C72A1C0055E379 /* Frameworks */,
				671A884920C72A1C0055E379 /* Resources */,
			);
			buildRules = (
			);
			dependencies = (
			);
			name = D3Folio;
			productName = D3Folio;
			productReference = 671A884B20C72A1C0055E379 /* D3Folio.app */;
			productType = "com.apple.product-type.application";
		};
		671A885E20C72A1D0055E379 /* D3FolioTests */ = {
			isa = PBXNativeTarget;
			buildConfigurationList = 671A886B20C72A1D0055E379 /* Build configuration list for PBXNativeTarget "D3FolioTests" */;
			buildPhases = (
				42D99E87F9A102B4E6DB6605 /* [CP] Check Pods Manifest.lock */,
				671A885B20C72A1D0055E379 /* Sources */,
				671A885C20C72A1D0055E379 /* Frameworks */,
				671A885D20C72A1D0055E379 /* Resources */,
				D2B60AE82329766401039ABA /* [CP] Embed Pods Frameworks */,
			);
			buildRules = (
			);
			dependencies = (
				671A886120C72A1D0055E379 /* PBXTargetDependency */,
			);
			name = D3FolioTests;
			productName = D3FolioTests;
			productReference = 671A885F20C72A1D0055E379 /* D3FolioTests.xctest */;
			productType = "com.apple.product-type.bundle.unit-test";
		};
/* End PBXNativeTarget section */

/* Begin PBXProject section */
		671A884320C72A1C0055E379 /* Project object */ = {
			isa = PBXProject;
			attributes = {
				LastSwiftUpdateCheck = 0940;
				LastUpgradeCheck = 0940;
				ORGANIZATIONNAME = "Christopher Olsen";
				TargetAttributes = {
					671A884A20C72A1C0055E379 = {
						CreatedOnToolsVersion = 9.4;
					};
					671A885E20C72A1D0055E379 = {
						CreatedOnToolsVersion = 9.4;
						TestTargetID = 671A884A20C72A1C0055E379;
					};
				};
			};
			buildConfigurationList = 671A884620C72A1C0055E379 /* Build configuration list for PBXProject "D3Folio" */;
			compatibilityVersion = "Xcode 9.3";
			developmentRegion = en;
			hasScannedForEncodings = 0;
			knownRegions = (
				en,
				Base,
			);
			mainGroup = 671A884220C72A1C0055E379;
			productRefGroup = 671A884C20C72A1C0055E379 /* Products */;
			projectDirPath = "";
			projectRoot = "";
			targets = (
				671A884A20C72A1C0055E379 /* D3Folio */,
				671A885E20C72A1D0055E379 /* D3FolioTests */,
			);
		};
/* End PBXProject section */

/* Begin PBXResourcesBuildPhase section */
		671A884920C72A1C0055E379 /* Resources */ = {
			isa = PBXResourcesBuildPhase;
			buildActionMask = 2147483647;
			files = (
				671A88B120C888860055E379 /* Hero.storyboard in Resources */,
				671A885920C72A1D0055E379 /* LaunchScreen.storyboard in Resources */,
				671A88BC20C9BC0E0055E379 /* BattleNet.plist in Resources */,
				671A889C20C860220055E379 /* Profile.storyboard in Resources */,
				671A885620C72A1D0055E379 /* Assets.xcassets in Resources */,
				671A88A320C865B60055E379 /* HeroTableViewCell.xib in Resources */,
				671A88B620C9B9890055E379 /* GetStarted.storyboard in Resources */,
			);
			runOnlyForDeploymentPostprocessing = 0;
		};
		671A885D20C72A1D0055E379 /* Resources */ = {
			isa = PBXResourcesBuildPhase;
			buildActionMask = 2147483647;
			files = (
			);
			runOnlyForDeploymentPostprocessing = 0;
		};
/* End PBXResourcesBuildPhase section */

/* Begin PBXShellScriptBuildPhase section */
		42D99E87F9A102B4E6DB6605 /* [CP] Check Pods Manifest.lock */ = {
			isa = PBXShellScriptBuildPhase;
			buildActionMask = 2147483647;
			files = (
			);
			inputPaths = (
				"${PODS_PODFILE_DIR_PATH}/Podfile.lock",
				"${PODS_ROOT}/Manifest.lock",
			);
			name = "[CP] Check Pods Manifest.lock";
			outputPaths = (
				"$(DERIVED_FILE_DIR)/Pods-D3Folio-Tests-D3FolioTests-checkManifestLockResult.txt",
			);
			runOnlyForDeploymentPostprocessing = 0;
			shellPath = /bin/sh;
			shellScript = "diff \"${PODS_PODFILE_DIR_PATH}/Podfile.lock\" \"${PODS_ROOT}/Manifest.lock\" > /dev/null\nif [ $? != 0 ] ; then\n    # print error to STDERR\n    echo \"error: The sandbox is not in sync with the Podfile.lock. Run 'pod install' or update your CocoaPods installation.\" >&2\n    exit 1\nfi\n# This output is used by Xcode 'outputs' to avoid re-running this script phase.\necho \"SUCCESS\" > \"${SCRIPT_OUTPUT_FILE_0}\"\n";
			showEnvVarsInLog = 0;
		};
		D2B60AE82329766401039ABA /* [CP] Embed Pods Frameworks */ = {
			isa = PBXShellScriptBuildPhase;
			buildActionMask = 2147483647;
			files = (
			);
			inputPaths = (
				"${SRCROOT}/Pods/Target Support Files/Pods-D3Folio-Tests-D3FolioTests/Pods-D3Folio-Tests-D3FolioTests-frameworks.sh",
				"${BUILT_PRODUCTS_DIR}/Nimble/Nimble.framework",
				"${BUILT_PRODUCTS_DIR}/Quick/Quick.framework",
			);
			name = "[CP] Embed Pods Frameworks";
			outputPaths = (
				"${TARGET_BUILD_DIR}/${FRAMEWORKS_FOLDER_PATH}/Nimble.framework",
				"${TARGET_BUILD_DIR}/${FRAMEWORKS_FOLDER_PATH}/Quick.framework",
			);
			runOnlyForDeploymentPostprocessing = 0;
			shellPath = /bin/sh;
			shellScript = "\"${SRCROOT}/Pods/Target Support Files/Pods-D3Folio-Tests-D3FolioTests/Pods-D3Folio-Tests-D3FolioTests-frameworks.sh\"\n";
			showEnvVarsInLog = 0;
		};
		E856299E5713C5229727D374 /* [CP] Check Pods Manifest.lock */ = {
			isa = PBXShellScriptBuildPhase;
			buildActionMask = 2147483647;
			files = (
			);
			inputPaths = (
				"${PODS_PODFILE_DIR_PATH}/Podfile.lock",
				"${PODS_ROOT}/Manifest.lock",
			);
			name = "[CP] Check Pods Manifest.lock";
			outputPaths = (
				"$(DERIVED_FILE_DIR)/Pods-D3Folio-checkManifestLockResult.txt",
			);
			runOnlyForDeploymentPostprocessing = 0;
			shellPath = /bin/sh;
			shellScript = "diff \"${PODS_PODFILE_DIR_PATH}/Podfile.lock\" \"${PODS_ROOT}/Manifest.lock\" > /dev/null\nif [ $? != 0 ] ; then\n    # print error to STDERR\n    echo \"error: The sandbox is not in sync with the Podfile.lock. Run 'pod install' or update your CocoaPods installation.\" >&2\n    exit 1\nfi\n# This output is used by Xcode 'outputs' to avoid re-running this script phase.\necho \"SUCCESS\" > \"${SCRIPT_OUTPUT_FILE_0}\"\n";
			showEnvVarsInLog = 0;
		};
/* End PBXShellScriptBuildPhase section */

/* Begin PBXSourcesBuildPhase section */
		671A884720C72A1C0055E379 /* Sources */ = {
			isa = PBXSourcesBuildPhase;
			buildActionMask = 2147483647;
			files = (
				671A88AF20C888560055E379 /* HeroViewController.swift in Sources */,
				671A889420C72D9E0055E379 /* ProfileApi.swift in Sources */,
				671A888820C72AAC0055E379 /* Endpoint.swift in Sources */,
				671A888220C72AAC0055E379 /* JSONParameterEncoder.swift in Sources */,
				671A887E20C72AAC0055E379 /* HTTPTask.swift in Sources */,
				671A888320C72AAC0055E379 /* JSONParser.swift in Sources */,
				671A889A20C860060055E379 /* ProfileViewController.swift in Sources */,
				671A888720C72AAC0055E379 /* Parser.swift in Sources */,
				671A887D20C72AAC0055E379 /* NetworkEnvironment.swift in Sources */,
				671A887F20C72AAC0055E379 /* HTTPMethod.swift in Sources */,
				671A888520C72AAC0055E379 /* ParameterEncoder.swift in Sources */,
				671A88A120C865A80055E379 /* HeroTableViewCell.swift in Sources */,
				671A88B820C9BA9B0055E379 /* Authorization.swift in Sources */,
				671A888120C72AAC0055E379 /* URLParameterEncoder.swift in Sources */,
				671A889E20C861130055E379 /* Hero.swift in Sources */,
				671A88BA20C9BB0B0055E379 /* BattleNetAuthorization.swift in Sources */,
				671A884F20C72A1C0055E379 /* AppDelegate.swift in Sources */,
				671A889820C732BD0055E379 /* ProfileViewModel.swift in Sources */,
				671A888020C72AAC0055E379 /* Service.swift in Sources */,
				671A888620C72AAC0055E379 /* NetworkService.swift in Sources */,
				671A889620C731DF0055E379 /* Profile.swift in Sources */,
				671A888420C72AAC0055E379 /* NetworkError.swift in Sources */,
			);
			runOnlyForDeploymentPostprocessing = 0;
		};
		671A885B20C72A1D0055E379 /* Sources */ = {
			isa = PBXSourcesBuildPhase;
			buildActionMask = 2147483647;
			files = (
				671A88A620C86ECF0055E379 /* ProfileViewModelTests.swift in Sources */,
				671A88AC20C871160055E379 /* ProfileEndpointMock.swift in Sources */,
				671A88B420C9ABA30055E379 /* ProfilePerformanceTests.swift in Sources */,
				671A88AA20C870460055E379 /* ProfileServiceMock.swift in Sources */,
			);
			runOnlyForDeploymentPostprocessing = 0;
		};
/* End PBXSourcesBuildPhase section */

/* Begin PBXTargetDependency section */
		671A886120C72A1D0055E379 /* PBXTargetDependency */ = {
			isa = PBXTargetDependency;
			target = 671A884A20C72A1C0055E379 /* D3Folio */;
			targetProxy = 671A886020C72A1D0055E379 /* PBXContainerItemProxy */;
		};
/* End PBXTargetDependency section */

/* Begin PBXVariantGroup section */
		671A885720C72A1D0055E379 /* LaunchScreen.storyboard */ = {
			isa = PBXVariantGroup;
			children = (
				671A885820C72A1D0055E379 /* Base */,
			);
			name = LaunchScreen.storyboard;
			sourceTree = "<group>";
		};
/* End PBXVariantGroup section */

/* Begin XCBuildConfiguration section */
		671A886620C72A1D0055E379 /* Debug */ = {
			isa = XCBuildConfiguration;
			buildSettings = {
				ALWAYS_SEARCH_USER_PATHS = NO;
				CLANG_ANALYZER_NONNULL = YES;
				CLANG_ANALYZER_NUMBER_OBJECT_CONVERSION = YES_AGGRESSIVE;
				CLANG_CXX_LANGUAGE_STANDARD = "gnu++14";
				CLANG_CXX_LIBRARY = "libc++";
				CLANG_ENABLE_MODULES = YES;
				CLANG_ENABLE_OBJC_ARC = YES;
				CLANG_ENABLE_OBJC_WEAK = YES;
				CLANG_WARN_BLOCK_CAPTURE_AUTORELEASING = YES;
				CLANG_WARN_BOOL_CONVERSION = YES;
				CLANG_WARN_COMMA = YES;
				CLANG_WARN_CONSTANT_CONVERSION = YES;
				CLANG_WARN_DEPRECATED_OBJC_IMPLEMENTATIONS = YES;
				CLANG_WARN_DIRECT_OBJC_ISA_USAGE = YES_ERROR;
				CLANG_WARN_DOCUMENTATION_COMMENTS = YES;
				CLANG_WARN_EMPTY_BODY = YES;
				CLANG_WARN_ENUM_CONVERSION = YES;
				CLANG_WARN_INFINITE_RECURSION = YES;
				CLANG_WARN_INT_CONVERSION = YES;
				CLANG_WARN_NON_LITERAL_NULL_CONVERSION = YES;
				CLANG_WARN_OBJC_IMPLICIT_RETAIN_SELF = YES;
				CLANG_WARN_OBJC_LITERAL_CONVERSION = YES;
				CLANG_WARN_OBJC_ROOT_CLASS = YES_ERROR;
				CLANG_WARN_RANGE_LOOP_ANALYSIS = YES;
				CLANG_WARN_STRICT_PROTOTYPES = YES;
				CLANG_WARN_SUSPICIOUS_MOVE = YES;
				CLANG_WARN_UNGUARDED_AVAILABILITY = YES_AGGRESSIVE;
				CLANG_WARN_UNREACHABLE_CODE = YES;
				CLANG_WARN__DUPLICATE_METHOD_MATCH = YES;
				CODE_SIGN_IDENTITY = "iPhone Developer";
				COPY_PHASE_STRIP = NO;
				DEBUG_INFORMATION_FORMAT = dwarf;
				ENABLE_STRICT_OBJC_MSGSEND = YES;
				ENABLE_TESTABILITY = YES;
				GCC_C_LANGUAGE_STANDARD = gnu11;
				GCC_DYNAMIC_NO_PIC = NO;
				GCC_NO_COMMON_BLOCKS = YES;
				GCC_OPTIMIZATION_LEVEL = 0;
				GCC_PREPROCESSOR_DEFINITIONS = (
					"DEBUG=1",
					"$(inherited)",
				);
				GCC_WARN_64_TO_32_BIT_CONVERSION = YES;
				GCC_WARN_ABOUT_RETURN_TYPE = YES_ERROR;
				GCC_WARN_UNDECLARED_SELECTOR = YES;
				GCC_WARN_UNINITIALIZED_AUTOS = YES_AGGRESSIVE;
				GCC_WARN_UNUSED_FUNCTION = YES;
				GCC_WARN_UNUSED_VARIABLE = YES;
				IPHONEOS_DEPLOYMENT_TARGET = 11.4;
				MTL_ENABLE_DEBUG_INFO = YES;
				ONLY_ACTIVE_ARCH = YES;
				SDKROOT = iphoneos;
				SWIFT_ACTIVE_COMPILATION_CONDITIONS = DEBUG;
				SWIFT_OPTIMIZATION_LEVEL = "-Onone";
			};
			name = Debug;
		};
		671A886720C72A1D0055E379 /* Release */ = {
			isa = XCBuildConfiguration;
			buildSettings = {
				ALWAYS_SEARCH_USER_PATHS = NO;
				CLANG_ANALYZER_NONNULL = YES;
				CLANG_ANALYZER_NUMBER_OBJECT_CONVERSION = YES_AGGRESSIVE;
				CLANG_CXX_LANGUAGE_STANDARD = "gnu++14";
				CLANG_CXX_LIBRARY = "libc++";
				CLANG_ENABLE_MODULES = YES;
				CLANG_ENABLE_OBJC_ARC = YES;
				CLANG_ENABLE_OBJC_WEAK = YES;
				CLANG_WARN_BLOCK_CAPTURE_AUTORELEASING = YES;
				CLANG_WARN_BOOL_CONVERSION = YES;
				CLANG_WARN_COMMA = YES;
				CLANG_WARN_CONSTANT_CONVERSION = YES;
				CLANG_WARN_DEPRECATED_OBJC_IMPLEMENTATIONS = YES;
				CLANG_WARN_DIRECT_OBJC_ISA_USAGE = YES_ERROR;
				CLANG_WARN_DOCUMENTATION_COMMENTS = YES;
				CLANG_WARN_EMPTY_BODY = YES;
				CLANG_WARN_ENUM_CONVERSION = YES;
				CLANG_WARN_INFINITE_RECURSION = YES;
				CLANG_WARN_INT_CONVERSION = YES;
				CLANG_WARN_NON_LITERAL_NULL_CONVERSION = YES;
				CLANG_WARN_OBJC_IMPLICIT_RETAIN_SELF = YES;
				CLANG_WARN_OBJC_LITERAL_CONVERSION = YES;
				CLANG_WARN_OBJC_ROOT_CLASS = YES_ERROR;
				CLANG_WARN_RANGE_LOOP_ANALYSIS = YES;
				CLANG_WARN_STRICT_PROTOTYPES = YES;
				CLANG_WARN_SUSPICIOUS_MOVE = YES;
				CLANG_WARN_UNGUARDED_AVAILABILITY = YES_AGGRESSIVE;
				CLANG_WARN_UNREACHABLE_CODE = YES;
				CLANG_WARN__DUPLICATE_METHOD_MATCH = YES;
				CODE_SIGN_IDENTITY = "iPhone Developer";
				COPY_PHASE_STRIP = NO;
				DEBUG_INFORMATION_FORMAT = "dwarf-with-dsym";
				ENABLE_NS_ASSERTIONS = NO;
				ENABLE_STRICT_OBJC_MSGSEND = YES;
				GCC_C_LANGUAGE_STANDARD = gnu11;
				GCC_NO_COMMON_BLOCKS = YES;
				GCC_WARN_64_TO_32_BIT_CONVERSION = YES;
				GCC_WARN_ABOUT_RETURN_TYPE = YES_ERROR;
				GCC_WARN_UNDECLARED_SELECTOR = YES;
				GCC_WARN_UNINITIALIZED_AUTOS = YES_AGGRESSIVE;
				GCC_WARN_UNUSED_FUNCTION = YES;
				GCC_WARN_UNUSED_VARIABLE = YES;
				IPHONEOS_DEPLOYMENT_TARGET = 11.4;
				MTL_ENABLE_DEBUG_INFO = NO;
				SDKROOT = iphoneos;
				SWIFT_COMPILATION_MODE = wholemodule;
				SWIFT_OPTIMIZATION_LEVEL = "-O";
				VALIDATE_PRODUCT = YES;
			};
			name = Release;
		};
		671A886920C72A1D0055E379 /* Debug */ = {
			isa = XCBuildConfiguration;
			baseConfigurationReference = 21630B8EE87294FA59C3BAF9 /* Pods-D3Folio.debug.xcconfig */;
			buildSettings = {
				ASSETCATALOG_COMPILER_APPICON_NAME = AppIcon;
				CODE_SIGN_STYLE = Automatic;
				DEVELOPMENT_TEAM = GDEYN6H976;
				INFOPLIST_FILE = D3Folio/Info.plist;
				LD_RUNPATH_SEARCH_PATHS = (
					"$(inherited)",
					"@executable_path/Frameworks",
				);
				PRODUCT_BUNDLE_IDENTIFIER = com.caolsen.D3Folio;
				PRODUCT_NAME = "$(TARGET_NAME)";
				SWIFT_VERSION = 4.0;
				TARGETED_DEVICE_FAMILY = "1,2";
			};
			name = Debug;
		};
		671A886A20C72A1D0055E379 /* Release */ = {
			isa = XCBuildConfiguration;
			baseConfigurationReference = 4BEEA2B72CFC3C9A476EA707 /* Pods-D3Folio.release.xcconfig */;
			buildSettings = {
				ASSETCATALOG_COMPILER_APPICON_NAME = AppIcon;
				CODE_SIGN_STYLE = Automatic;
				DEVELOPMENT_TEAM = GDEYN6H976;
				INFOPLIST_FILE = D3Folio/Info.plist;
				LD_RUNPATH_SEARCH_PATHS = (
					"$(inherited)",
					"@executable_path/Frameworks",
				);
				PRODUCT_BUNDLE_IDENTIFIER = com.caolsen.D3Folio;
				PRODUCT_NAME = "$(TARGET_NAME)";
				SWIFT_VERSION = 4.0;
				TARGETED_DEVICE_FAMILY = "1,2";
			};
			name = Release;
		};
		671A886C20C72A1D0055E379 /* Debug */ = {
			isa = XCBuildConfiguration;
			baseConfigurationReference = 95175AC9F1266E73880E3FF0 /* Pods-D3Folio-Tests-D3FolioTests.debug.xcconfig */;
			buildSettings = {
				ALWAYS_EMBED_SWIFT_STANDARD_LIBRARIES = YES;
				BUNDLE_LOADER = "$(TEST_HOST)";
				CODE_SIGN_STYLE = Automatic;
				DEVELOPMENT_TEAM = GDEYN6H976;
				INFOPLIST_FILE = D3FolioTests/Info.plist;
				LD_RUNPATH_SEARCH_PATHS = (
					"$(inherited)",
					"@executable_path/Frameworks",
					"@loader_path/Frameworks",
				);
				PRODUCT_BUNDLE_IDENTIFIER = com.caolsen.D3FolioTests;
				PRODUCT_NAME = "$(TARGET_NAME)";
				SWIFT_VERSION = 4.0;
				TARGETED_DEVICE_FAMILY = "1,2";
				TEST_HOST = "$(BUILT_PRODUCTS_DIR)/D3Folio.app/D3Folio";
			};
			name = Debug;
		};
		671A886D20C72A1D0055E379 /* Release */ = {
			isa = XCBuildConfiguration;
			baseConfigurationReference = 0F46949C0165D3C74BEA0D12 /* Pods-D3Folio-Tests-D3FolioTests.release.xcconfig */;
			buildSettings = {
				ALWAYS_EMBED_SWIFT_STANDARD_LIBRARIES = YES;
				BUNDLE_LOADER = "$(TEST_HOST)";
				CODE_SIGN_STYLE = Automatic;
				DEVELOPMENT_TEAM = GDEYN6H976;
				INFOPLIST_FILE = D3FolioTests/Info.plist;
				LD_RUNPATH_SEARCH_PATHS = (
					"$(inherited)",
					"@executable_path/Frameworks",
					"@loader_path/Frameworks",
				);
				PRODUCT_BUNDLE_IDENTIFIER = com.caolsen.D3FolioTests;
				PRODUCT_NAME = "$(TARGET_NAME)";
				SWIFT_VERSION = 4.0;
				TARGETED_DEVICE_FAMILY = "1,2";
				TEST_HOST = "$(BUILT_PRODUCTS_DIR)/D3Folio.app/D3Folio";
			};
			name = Release;
		};
/* End XCBuildConfiguration section */

/* Begin XCConfigurationList section */
		671A884620C72A1C0055E379 /* Build configuration list for PBXProject "D3Folio" */ = {
			isa = XCConfigurationList;
			buildConfigurations = (
				671A886620C72A1D0055E379 /* Debug */,
				671A886720C72A1D0055E379 /* Release */,
			);
			defaultConfigurationIsVisible = 0;
			defaultConfigurationName = Release;
		};
		671A886820C72A1D0055E379 /* Build configuration list for PBXNativeTarget "D3Folio" */ = {
			isa = XCConfigurationList;
			buildConfigurations = (
				671A886920C72A1D0055E379 /* Debug */,
				671A886A20C72A1D0055E379 /* Release */,
			);
			defaultConfigurationIsVisible = 0;
			defaultConfigurationName = Release;
		};
		671A886B20C72A1D0055E379 /* Build configuration list for PBXNativeTarget "D3FolioTests" */ = {
			isa = XCConfigurationList;
			buildConfigurations = (
				671A886C20C72A1D0055E379 /* Debug */,
				671A886D20C72A1D0055E379 /* Release */,
			);
			defaultConfigurationIsVisible = 0;
			defaultConfigurationName = Release;
		};
/* End XCConfigurationList section */
	};
	rootObject = 671A884320C72A1C0055E379 /* Project object */;
}
